
Microsoft Visual Studio Solution File, Format Version 12.00
# Visual Studio 15
VisualStudioVersion = 15.0.28010.2016
MinimumVisualStudioVersion = 10.0.40219.1
Project("{9A19103F-16F7-4668-BE54-9A1E7A4F7556}") = "GameConsole.Cli", "src\GameConsole.Cli\GameConsole.Cli.csproj", "{938F6693-D3AF-400E-8629-BEC9FE9ED6E8}"
EndProject
Project("{9A19103F-16F7-4668-BE54-9A1E7A4F7556}") = "GameConsole.Core", "src\GameConsole.Core\GameConsole.Core.csproj", "{5BB961BC-B452-44B5-A4F3-2EC70FA50D38}"
EndProject
Project("{9A19103F-16F7-4668-BE54-9A1E7A4F7556}") = "GameConsole.Common", "src\GameConsole.Common\GameConsole.Common.csproj", "{75B8C93D-9B9F-4191-B681-4C00CC7EC9C0}"
EndProject
Global
	GlobalSection(SolutionConfigurationPlatforms) = preSolution
		Debug|Any CPU = Debug|Any CPU
		Release|Any CPU = Release|Any CPU
	EndGlobalSection
	GlobalSection(ProjectConfigurationPlatforms) = postSolution
		{938F6693-D3AF-400E-8629-BEC9FE9ED6E8}.Debug|Any CPU.ActiveCfg = Debug|Any CPU
		{938F6693-D3AF-400E-8629-BEC9FE9ED6E8}.Debug|Any CPU.Build.0 = Debug|Any CPU
		{938F6693-D3AF-400E-8629-BEC9FE9ED6E8}.Release|Any CPU.ActiveCfg = Release|Any CPU
		{938F6693-D3AF-400E-8629-BEC9FE9ED6E8}.Release|Any CPU.Build.0 = Release|Any CPU
		{5BB961BC-B452-44B5-A4F3-2EC70FA50D38}.Debug|Any CPU.ActiveCfg = Debug|Any CPU
		{5BB961BC-B452-44B5-A4F3-2EC70FA50D38}.Debug|Any CPU.Build.0 = Debug|Any CPU
		{5BB961BC-B452-44B5-A4F3-2EC70FA50D38}.Release|Any CPU.ActiveCfg = Release|Any CPU
		{5BB961BC-B452-44B5-A4F3-2EC70FA50D38}.Release|Any CPU.Build.0 = Release|Any CPU
		{75B8C93D-9B9F-4191-B681-4C00CC7EC9C0}.Debug|Any CPU.ActiveCfg = Debug|Any CPU
		{75B8C93D-9B9F-4191-B681-4C00CC7EC9C0}.Debug|Any CPU.Build.0 = Debug|Any CPU
		{75B8C93D-9B9F-4191-B681-4C00CC7EC9C0}.Release|Any CPU.ActiveCfg = Release|Any CPU
		{75B8C93D-9B9F-4191-B681-4C00CC7EC9C0}.Release|Any CPU.Build.0 = Release|Any CPU
	EndGlobalSection
	GlobalSection(SolutionProperties) = preSolution
		HideSolutionNode = FALSE
	EndGlobalSection
	GlobalSection(ExtensibilityGlobals) = postSolution
		SolutionGuid = {27AD3DD2-4E59-4307-A9DE-77565B1DC8C4}
	EndGlobalSection
EndGlobal
